
Microsoft Visual Studio Solution File, Format Version 12.00
# Visual Studio 15
VisualStudioVersion = 15.0.26228.4
MinimumVisualStudioVersion = 10.0.40219.1
Project("{FAE04EC0-301F-11D3-BF4B-00C04F79EFBC}") = "EpAccounting.Data", "EpAccounting.Data\EpAccounting.Data.csproj", "{3F11EDA6-1C15-4F5C-8648-E72709EA83B1}"
EndProject
Project("{FAE04EC0-301F-11D3-BF4B-00C04F79EFBC}") = "EpAccounting.UI", "EpAccounting.UI\EpAccounting.UI.csproj", "{A2D20375-ED60-4544-95A3-6AFF6A7937EF}"
EndProject
Project("{FAE04EC0-301F-11D3-BF4B-00C04F79EFBC}") = "EpAccounting.Test", "EpAccounting.Test\EpAccounting.Test.csproj", "{81EC1508-548E-4E04-B70E-5B731EE61B2D}"
EndProject
Project("{FAE04EC0-301F-11D3-BF4B-00C04F79EFBC}") = "EpAccounting.Business", "EpAccounting.Business\EpAccounting.Business.csproj", "{2CF0E779-D313-481F-A4B3-EB22CF4CFFBF}"
EndProject
Project("{FAE04EC0-301F-11D3-BF4B-00C04F79EFBC}") = "EpAccounting.Model", "EpAccounting.Model\EpAccounting.Model.csproj", "{21A60DCC-295E-4DD1-AF5E-27D28E77DCB2}"
EndProject
Global
	GlobalSection(SolutionConfigurationPlatforms) = preSolution
		Debug|Any CPU = Debug|Any CPU
		Release|Any CPU = Release|Any CPU
	EndGlobalSection
	GlobalSection(ProjectConfigurationPlatforms) = postSolution
		{3F11EDA6-1C15-4F5C-8648-E72709EA83B1}.Debug|Any CPU.ActiveCfg = Debug|Any CPU
		{3F11EDA6-1C15-4F5C-8648-E72709EA83B1}.Debug|Any CPU.Build.0 = Debug|Any CPU
		{3F11EDA6-1C15-4F5C-8648-E72709EA83B1}.Release|Any CPU.ActiveCfg = Release|Any CPU
		{3F11EDA6-1C15-4F5C-8648-E72709EA83B1}.Release|Any CPU.Build.0 = Release|Any CPU
		{A2D20375-ED60-4544-95A3-6AFF6A7937EF}.Debug|Any CPU.ActiveCfg = Debug|Any CPU
		{A2D20375-ED60-4544-95A3-6AFF6A7937EF}.Debug|Any CPU.Build.0 = Debug|Any CPU
		{A2D20375-ED60-4544-95A3-6AFF6A7937EF}.Release|Any CPU.ActiveCfg = Release|Any CPU
		{A2D20375-ED60-4544-95A3-6AFF6A7937EF}.Release|Any CPU.Build.0 = Release|Any CPU
		{81EC1508-548E-4E04-B70E-5B731EE61B2D}.Debug|Any CPU.ActiveCfg = Debug|Any CPU
		{81EC1508-548E-4E04-B70E-5B731EE61B2D}.Debug|Any CPU.Build.0 = Debug|Any CPU
		{81EC1508-548E-4E04-B70E-5B731EE61B2D}.Release|Any CPU.ActiveCfg = Release|Any CPU
		{81EC1508-548E-4E04-B70E-5B731EE61B2D}.Release|Any CPU.Build.0 = Release|Any CPU
		{2CF0E779-D313-481F-A4B3-EB22CF4CFFBF}.Debug|Any CPU.ActiveCfg = Debug|Any CPU
		{2CF0E779-D313-481F-A4B3-EB22CF4CFFBF}.Debug|Any CPU.Build.0 = Debug|Any CPU
		{2CF0E779-D313-481F-A4B3-EB22CF4CFFBF}.Release|Any CPU.ActiveCfg = Release|Any CPU
		{2CF0E779-D313-481F-A4B3-EB22CF4CFFBF}.Release|Any CPU.Build.0 = Release|Any CPU
		{21A60DCC-295E-4DD1-AF5E-27D28E77DCB2}.Debug|Any CPU.ActiveCfg = Debug|Any CPU
		{21A60DCC-295E-4DD1-AF5E-27D28E77DCB2}.Debug|Any CPU.Build.0 = Debug|Any CPU
		{21A60DCC-295E-4DD1-AF5E-27D28E77DCB2}.Release|Any CPU.ActiveCfg = Release|Any CPU
		{21A60DCC-295E-4DD1-AF5E-27D28E77DCB2}.Release|Any CPU.Build.0 = Release|Any CPU
	EndGlobalSection
	GlobalSection(SolutionProperties) = preSolution
		HideSolutionNode = FALSE
	EndGlobalSection
EndGlobal
